
Microsoft Visual Studio Solution File, Format Version 12.00
# Visual Studio Version 16
VisualStudioVersion = 16.0.30011.22
MinimumVisualStudioVersion = 10.0.40219.1
Project("{FAE04EC0-301F-11D3-BF4B-00C04F79EFBC}") = "LibraryManagment", "LibraryManagment\LibraryManagment.csproj", "{F967458D-2C81-41DA-B7E5-91859A799A1F}"
EndProject
Project("{FAE04EC0-301F-11D3-BF4B-00C04F79EFBC}") = "LibraryManagement.Framework", "LibraryManagement.Framework\LibraryManagement.Framework.csproj", "{702CB996-7A9B-4BD9-A560-91FEC37E9EB7}"
EndProject
Project("{FAE04EC0-301F-11D3-BF4B-00C04F79EFBC}") = "LibraryManagement.Data", "LibraryManagement.Data\LibraryManagement.Data.csproj", "{3BC28303-03B1-4B05-8597-95DB53809F60}"
EndProject
Global
	GlobalSection(SolutionConfigurationPlatforms) = preSolution
		Debug|Any CPU = Debug|Any CPU
		Release|Any CPU = Release|Any CPU
	EndGlobalSection
	GlobalSection(ProjectConfigurationPlatforms) = postSolution
		{F967458D-2C81-41DA-B7E5-91859A799A1F}.Debug|Any CPU.ActiveCfg = Debug|Any CPU
		{F967458D-2C81-41DA-B7E5-91859A799A1F}.Debug|Any CPU.Build.0 = Debug|Any CPU
		{F967458D-2C81-41DA-B7E5-91859A799A1F}.Release|Any CPU.ActiveCfg = Release|Any CPU
		{F967458D-2C81-41DA-B7E5-91859A799A1F}.Release|Any CPU.Build.0 = Release|Any CPU
		{702CB996-7A9B-4BD9-A560-91FEC37E9EB7}.Debug|Any CPU.ActiveCfg = Debug|Any CPU
		{702CB996-7A9B-4BD9-A560-91FEC37E9EB7}.Debug|Any CPU.Build.0 = Debug|Any CPU
		{702CB996-7A9B-4BD9-A560-91FEC37E9EB7}.Release|Any CPU.ActiveCfg = Release|Any CPU
		{702CB996-7A9B-4BD9-A560-91FEC37E9EB7}.Release|Any CPU.Build.0 = Release|Any CPU
		{3BC28303-03B1-4B05-8597-95DB53809F60}.Debug|Any CPU.ActiveCfg = Debug|Any CPU
		{3BC28303-03B1-4B05-8597-95DB53809F60}.Debug|Any CPU.Build.0 = Debug|Any CPU
		{3BC28303-03B1-4B05-8597-95DB53809F60}.Release|Any CPU.ActiveCfg = Release|Any CPU
		{3BC28303-03B1-4B05-8597-95DB53809F60}.Release|Any CPU.Build.0 = Release|Any CPU
	EndGlobalSection
	GlobalSection(SolutionProperties) = preSolution
		HideSolutionNode = FALSE
	EndGlobalSection
	GlobalSection(ExtensibilityGlobals) = postSolution
		SolutionGuid = {D133EDA6-ABA1-4F00-B4EA-7FA93BFB2F30}
	EndGlobalSection
EndGlobal
